{
  "name": "roblox-playground-ts",
  "version": "1.0.0",
  "lockfileVersion": 1,
  "requires": true,
  "dependencies": {
    "@rbxts/compiler-types": {
      "version": "1.0.0-types.0",
      "resolved": "https://registry.npmjs.org/@rbxts/compiler-types/-/compiler-types-1.0.0-types.0.tgz",
      "integrity": "sha512-DMYByLmapF5T04l1Jmg71BZNmR8sFhDt/aq9aV9X8JjnQimnCCBFK+FzdHh9Nx40D/o+k9vYn5aS58g8kISlYQ==",
      "dev": true
    },
    "@rbxts/roact": {
      "version": "1.3.0-ts.14",
      "resolved": "https://registry.npmjs.org/@rbxts/roact/-/roact-1.3.0-ts.14.tgz",
      "integrity": "sha512-gyv8xWWzD0tbn1qTfjPatW5svMMu2a4f8LwQE/2ufmYMyMnqLUZTjqnd/G7SobGTU3y5SjN8XWXZAkeziQt2Dg=="
    },
    "@rbxts/services": {
      "version": "1.1.5",
      "resolved": "https://registry.npmjs.org/@rbxts/services/-/services-1.1.5.tgz",
      "integrity": "sha512-5/SGYCVcdvxIM19ZFf4k9Hq5jCNLW0c/1G804yr9+KuPteVyfag4YiBgkXE3QmGx1ITixIQJJYIKv1LoueWPww=="
    },
    "@rbxts/types": {
      "version": "1.0.492",
      "resolved": "https://registry.npmjs.org/@rbxts/types/-/types-1.0.492.tgz",
      "integrity": "sha512-7OfZKNKTlgmKwuOEwm30RWfrn10dgEpsy3T1p45hrHWzBCdG6WNt3r//0Fh+CSYn4g7ym0xsEtVJMuMITxS3hg==",
      "dev": true
    }
  }
}
